
Microsoft Visual Studio Solution File, Format Version 12.00
# Visual Studio Version 17
VisualStudioVersion = 17.7.34009.444
MinimumVisualStudioVersion = 10.0.40219.1
Project("{9A19103F-16F7-4668-BE54-9A1E7A4F7556}") = "FilesDeduplicator", "FilesDeduplicator\FilesDeduplicator.csproj", "{169CA1CF-1B95-4CA3-B048-26CA3EDAE248}"
EndProject
Project("{9A19103F-16F7-4668-BE54-9A1E7A4F7556}") = "RelationalFileSystem", "RelationalFileSystem\RelationalFileSystem.csproj", "{1177A28B-E2BA-4182-93AE-EE30DE7FFF55}"
EndProject
Project("{9A19103F-16F7-4668-BE54-9A1E7A4F7556}") = "RelationalFileSystem.UnitTests", "RelationalFileSystem.UnitTests\RelationalFileSystem.UnitTests.csproj", "{A48BAC59-998E-48E6-877B-1AEBE70DAF57}"
EndProject
Project("{FAE04EC0-301F-11D3-BF4B-00C04F79EFBC}") = "RelationalFileSystem2", "RelationalFileSystem2\RelationalFileSystem2.csproj", "{9FCD5A15-3E88-44B7-9CCA-CA98D6890F23}"
EndProject
Project("{FAE04EC0-301F-11D3-BF4B-00C04F79EFBC}") = "RelationalFileSystem2.UnitTests", "RelationalFileSystem2.UnitTests\RelationalFileSystem2.UnitTests.csproj", "{E9E7C25D-9C4E-4EA0-A702-8C07CD9EEDA8}"
EndProject
Global
	GlobalSection(SolutionConfigurationPlatforms) = preSolution
		Debug|Any CPU = Debug|Any CPU
		Release|Any CPU = Release|Any CPU
	EndGlobalSection
	GlobalSection(ProjectConfigurationPlatforms) = postSolution
		{169CA1CF-1B95-4CA3-B048-26CA3EDAE248}.Debug|Any CPU.ActiveCfg = Debug|Any CPU
		{169CA1CF-1B95-4CA3-B048-26CA3EDAE248}.Debug|Any CPU.Build.0 = Debug|Any CPU
		{169CA1CF-1B95-4CA3-B048-26CA3EDAE248}.Release|Any CPU.ActiveCfg = Release|Any CPU
		{169CA1CF-1B95-4CA3-B048-26CA3EDAE248}.Release|Any CPU.Build.0 = Release|Any CPU
		{1177A28B-E2BA-4182-93AE-EE30DE7FFF55}.Debug|Any CPU.ActiveCfg = Debug|Any CPU
		{1177A28B-E2BA-4182-93AE-EE30DE7FFF55}.Debug|Any CPU.Build.0 = Debug|Any CPU
		{1177A28B-E2BA-4182-93AE-EE30DE7FFF55}.Release|Any CPU.ActiveCfg = Release|Any CPU
		{1177A28B-E2BA-4182-93AE-EE30DE7FFF55}.Release|Any CPU.Build.0 = Release|Any CPU
		{A48BAC59-998E-48E6-877B-1AEBE70DAF57}.Debug|Any CPU.ActiveCfg = Debug|Any CPU
		{A48BAC59-998E-48E6-877B-1AEBE70DAF57}.Debug|Any CPU.Build.0 = Debug|Any CPU
		{A48BAC59-998E-48E6-877B-1AEBE70DAF57}.Release|Any CPU.ActiveCfg = Release|Any CPU
		{A48BAC59-998E-48E6-877B-1AEBE70DAF57}.Release|Any CPU.Build.0 = Release|Any CPU
		{9FCD5A15-3E88-44B7-9CCA-CA98D6890F23}.Debug|Any CPU.ActiveCfg = Debug|Any CPU
		{9FCD5A15-3E88-44B7-9CCA-CA98D6890F23}.Debug|Any CPU.Build.0 = Debug|Any CPU
		{9FCD5A15-3E88-44B7-9CCA-CA98D6890F23}.Release|Any CPU.ActiveCfg = Release|Any CPU
		{9FCD5A15-3E88-44B7-9CCA-CA98D6890F23}.Release|Any CPU.Build.0 = Release|Any CPU
		{E9E7C25D-9C4E-4EA0-A702-8C07CD9EEDA8}.Debug|Any CPU.ActiveCfg = Debug|Any CPU
		{E9E7C25D-9C4E-4EA0-A702-8C07CD9EEDA8}.Debug|Any CPU.Build.0 = Debug|Any CPU
		{E9E7C25D-9C4E-4EA0-A702-8C07CD9EEDA8}.Release|Any CPU.ActiveCfg = Release|Any CPU
		{E9E7C25D-9C4E-4EA0-A702-8C07CD9EEDA8}.Release|Any CPU.Build.0 = Release|Any CPU
	EndGlobalSection
	GlobalSection(SolutionProperties) = preSolution
		HideSolutionNode = FALSE
	EndGlobalSection
	GlobalSection(ExtensibilityGlobals) = postSolution
		SolutionGuid = {EAB958D1-B60C-4465-89AA-05B73C0B75E2}
	EndGlobalSection
EndGlobal
